{
  "nodes": {
    "home": {
      "inputs": {
        "nixpkgs": "nixpkgs"
      },
      "locked": {
        "lastModified": 1602452024,
        "narHash": "sha256-UZ8YYjSFKMlv4Wb4Qaq4TYewuLH2qBXkZE9JFo7SUTo=",
        "owner": "nix-community",
        "repo": "home-manager",
        "rev": "7339784e07217ed0232e08d1ea33b610c94657d8",
        "type": "github"
      },
      "original": {
        "owner": "nix-community",
        "ref": "release-20.09",
        "repo": "home-manager",
        "type": "github"
      }
    },
    "nixpkgs": {
      "locked": {
        "lastModified": 1601334649,
        "narHash": "sha256-bXW9AunmHAPpt0SC6ZsXftCxjoJc01w6cKMHHN9yX8Y=",
        "path": "/nix/store/79rrs79nmvmdaxiv7z0f6cj5ydzz5h59-source",
        "rev": "4712b946e40f99d1b9b3e1cc781b0a95f67087a0",
        "type": "path"
      },
      "original": {
        "id": "nixpkgs",
        "type": "indirect"
      }
    },
    "root": {
      "inputs": {
        "home": "home",
        "stable": "stable",
        "unstable": "unstable"
      }
    },
    "stable": {
      "locked": {
        "lastModified": 1603209413,
        "narHash": "sha256-8KasdgeGL01Y5yszP383od0hKan3UOZJBBDcKo+bjcA=",
        "owner": "NixOS",
        "repo": "nixpkgs",
        "rev": "7b32c9dd0c391c68adb0a874834cfddb76e22df0",
        "type": "github"
      },
      "original": {
        "id": "nixpkgs",
        "ref": "release-20.09",
        "type": "indirect"
      }
    },
    "unstable": {
      "locked": {
        "lastModified": 1603066386,
        "narHash": "sha256-BpO5yrRi2oqYaOHwWZBoRlLydOeYm0YhuLG4ISsaSzE=",
        "owner": "NixOS",
        "repo": "nixpkgs",
        "rev": "5265d49a36bb5a18c85e6817b338b456acc3b8cc",
        "type": "github"
      },
      "original": {
        "id": "nixpkgs",
        "ref": "nixos-unstable",
        "type": "indirect"
      }
    }
  },
  "root": "root",
  "version": 7
}
