{
  "nodes": {
    "home": {
      "inputs": {
        "nixpkgs": "nixpkgs"
      },
      "locked": {
        "lastModified": 1606136196,
        "narHash": "sha256-U+wNJX0p6RRVWXmQuLDTuJJcIJDkPX6OnfMg+jG3OPw=",
        "owner": "l5r",
        "repo": "home-manager",
        "rev": "61549eb3c4d6fc07b0c01bfdf7c3b6101cfd075f",
        "type": "github"
      },
      "original": {
        "owner": "l5r",
        "ref": "master",
        "repo": "home-manager",
        "type": "github"
      }
    },
    "nixpkgs": {
      "locked": {
        "lastModified": 1617397712,
        "narHash": "sha256-00FNgi8Lg9pe7ZSCMhdjS+tPhfJ6Uyx+CHKy7pUtNnM=",
        "path": "/nix/store/m0qlphqi200mmri5h008dhxpp82mzddf-source",
        "rev": "42a03e4728fc05cb9f123057670e41967f628360",
        "type": "path"
      },
      "original": {
        "id": "nixpkgs",
        "type": "indirect"
      }
    },
    "root": {
      "inputs": {
        "home": "home",
        "stable": "stable",
        "unstable": "unstable"
      }
    },
    "stable": {
      "locked": {
        "lastModified": 1619970086,
        "narHash": "sha256-93FzftIPlkQAapwb2Wq0IOktSUCsDW87tcKVWG5YnyQ=",
        "owner": "NixOS",
        "repo": "nixpkgs",
        "rev": "dc326c78a93862efb30a76216f527a56496e6284",
        "type": "github"
      },
      "original": {
        "id": "nixpkgs",
        "ref": "nixos-20.09",
        "type": "indirect"
      }
    },
    "unstable": {
      "locked": {
        "lastModified": 1619464443,
        "narHash": "sha256-R7WAb8EnkIJxxaF6GTHUPytjonhB4Zm0iatyWoW169A=",
        "owner": "NixOS",
        "repo": "nixpkgs",
        "rev": "8e4fe32876ca15e3d5eb3ecd3ca0b224417f5f17",
        "type": "github"
      },
      "original": {
        "id": "nixpkgs",
        "ref": "nixos-unstable",
        "type": "indirect"
      }
    }
  },
  "root": "root",
  "version": 7
}
